// !$*UTF8*$!
{
	archiveVersion = 1;
	classes = {
	};
	objectVersion = 50;
	objects = {

/* Begin PBXBuildFile section */
		8CAB757524599CC300205C90 /* AppDelegate.swift in Sources */ = {isa = PBXBuildFile; fileRef = 8CAB757424599CC300205C90 /* AppDelegate.swift */; };
		8CAB757724599CC300205C90 /* SceneDelegate.swift in Sources */ = {isa = PBXBuildFile; fileRef = 8CAB757624599CC300205C90 /* SceneDelegate.swift */; };
		8CAB757924599CC300205C90 /* ViewController.swift in Sources */ = {isa = PBXBuildFile; fileRef = 8CAB757824599CC300205C90 /* ViewController.swift */; };
		8CAB757C24599CC300205C90 /* Main.storyboard in Resources */ = {isa = PBXBuildFile; fileRef = 8CAB757A24599CC300205C90 /* Main.storyboard */; };
		8CAB757F24599CC300205C90 /* Test.xcdatamodeld in Sources */ = {isa = PBXBuildFile; fileRef = 8CAB757D24599CC300205C90 /* Test.xcdatamodeld */; };
		8CAB758124599CC700205C90 /* Assets.xcassets in Resources */ = {isa = PBXBuildFile; fileRef = 8CAB758024599CC700205C90 /* Assets.xcassets */; };
		8CAB758424599CC700205C90 /* LaunchScreen.storyboard in Resources */ = {isa = PBXBuildFile; fileRef = 8CAB758224599CC700205C90 /* LaunchScreen.storyboard */; };
		8CAB758F24599CC800205C90 /* TestTests.swift in Sources */ = {isa = PBXBuildFile; fileRef = 8CAB758E24599CC800205C90 /* TestTests.swift */; };
		8CAB75A424599E6800205C90 /* LoginPresenter.swift in Sources */ = {isa = PBXBuildFile; fileRef = 8CAB759E24599E6800205C90 /* LoginPresenter.swift */; };
		8CAB75A524599E6800205C90 /* LoginWorker.swift in Sources */ = {isa = PBXBuildFile; fileRef = 8CAB759F24599E6800205C90 /* LoginWorker.swift */; };
		8CAB75A624599E6800205C90 /* LoginRouter.swift in Sources */ = {isa = PBXBuildFile; fileRef = 8CAB75A024599E6800205C90 /* LoginRouter.swift */; };
		8CAB75A724599E6800205C90 /* LoginModels.swift in Sources */ = {isa = PBXBuildFile; fileRef = 8CAB75A124599E6800205C90 /* LoginModels.swift */; };
		8CAB75A824599E6800205C90 /* LoginViewController.swift in Sources */ = {isa = PBXBuildFile; fileRef = 8CAB75A224599E6800205C90 /* LoginViewController.swift */; };
		8CAB75A924599E6800205C90 /* LoginInteractor.swift in Sources */ = {isa = PBXBuildFile; fileRef = 8CAB75A324599E6800205C90 /* LoginInteractor.swift */; };
/* End PBXBuildFile section */

/* Begin PBXContainerItemProxy section */
		8CAB758B24599CC800205C90 /* PBXContainerItemProxy */ = {
			isa = PBXContainerItemProxy;
			containerPortal = 8CAB756924599CC300205C90 /* Project object */;
			proxyType = 1;
			remoteGlobalIDString = 8CAB757024599CC300205C90;
			remoteInfo = Test;
		};
/* End PBXContainerItemProxy section */

/* Begin PBXFileReference section */
		8CAB757124599CC300205C90 /* Test.app */ = {isa = PBXFileReference; explicitFileType = wrapper.application; includeInIndex = 0; path = Test.app; sourceTree = BUILT_PRODUCTS_DIR; };
		8CAB757424599CC300205C90 /* AppDelegate.swift */ = {isa = PBXFileReference; lastKnownFileType = sourcecode.swift; path = AppDelegate.swift; sourceTree = "<group>"; };
		8CAB757624599CC300205C90 /* SceneDelegate.swift */ = {isa = PBXFileReference; lastKnownFileType = sourcecode.swift; path = SceneDelegate.swift; sourceTree = "<group>"; };
		8CAB757824599CC300205C90 /* ViewController.swift */ = {isa = PBXFileReference; lastKnownFileType = sourcecode.swift; path = ViewController.swift; sourceTree = "<group>"; };
		8CAB757B24599CC300205C90 /* Base */ = {isa = PBXFileReference; lastKnownFileType = file.storyboard; name = Base; path = Base.lproj/Main.storyboard; sourceTree = "<group>"; };
		8CAB757E24599CC300205C90 /* Test.xcdatamodel */ = {isa = PBXFileReference; lastKnownFileType = wrapper.xcdatamodel; path = Test.xcdatamodel; sourceTree = "<group>"; };
		8CAB758024599CC700205C90 /* Assets.xcassets */ = {isa = PBXFileReference; lastKnownFileType = folder.assetcatalog; path = Assets.xcassets; sourceTree = "<group>"; };
		8CAB758324599CC700205C90 /* Base */ = {isa = PBXFileReference; lastKnownFileType = file.storyboard; name = Base; path = Base.lproj/LaunchScreen.storyboard; sourceTree = "<group>"; };
		8CAB758524599CC700205C90 /* Info.plist */ = {isa = PBXFileReference; lastKnownFileType = text.plist.xml; path = Info.plist; sourceTree = "<group>"; };
		8CAB758A24599CC800205C90 /* TestTests.xctest */ = {isa = PBXFileReference; explicitFileType = wrapper.cfbundle; includeInIndex = 0; path = TestTests.xctest; sourceTree = BUILT_PRODUCTS_DIR; };
		8CAB758E24599CC800205C90 /* TestTests.swift */ = {isa = PBXFileReference; lastKnownFileType = sourcecode.swift; path = TestTests.swift; sourceTree = "<group>"; };
		8CAB759024599CC800205C90 /* Info.plist */ = {isa = PBXFileReference; lastKnownFileType = text.plist.xml; path = Info.plist; sourceTree = "<group>"; };
		8CAB759E24599E6800205C90 /* LoginPresenter.swift */ = {isa = PBXFileReference; lastKnownFileType = sourcecode.swift; path = LoginPresenter.swift; sourceTree = "<group>"; };
		8CAB759F24599E6800205C90 /* LoginWorker.swift */ = {isa = PBXFileReference; lastKnownFileType = sourcecode.swift; path = LoginWorker.swift; sourceTree = "<group>"; };
		8CAB75A024599E6800205C90 /* LoginRouter.swift */ = {isa = PBXFileReference; lastKnownFileType = sourcecode.swift; path = LoginRouter.swift; sourceTree = "<group>"; };
		8CAB75A124599E6800205C90 /* LoginModels.swift */ = {isa = PBXFileReference; lastKnownFileType = sourcecode.swift; path = LoginModels.swift; sourceTree = "<group>"; };
		8CAB75A224599E6800205C90 /* LoginViewController.swift */ = {isa = PBXFileReference; lastKnownFileType = sourcecode.swift; path = LoginViewController.swift; sourceTree = "<group>"; };
		8CAB75A324599E6800205C90 /* LoginInteractor.swift */ = {isa = PBXFileReference; lastKnownFileType = sourcecode.swift; path = LoginInteractor.swift; sourceTree = "<group>"; };
/* End PBXFileReference section */

/* Begin PBXFrameworksBuildPhase section */
		8CAB756E24599CC300205C90 /* Frameworks */ = {
			isa = PBXFrameworksBuildPhase;
			buildActionMask = 2147483647;
			files = (
			);
			runOnlyForDeploymentPostprocessing = 0;
		};
		8CAB758724599CC800205C90 /* Frameworks */ = {
			isa = PBXFrameworksBuildPhase;
			buildActionMask = 2147483647;
			files = (
			);
			runOnlyForDeploymentPostprocessing = 0;
		};
/* End PBXFrameworksBuildPhase section */

/* Begin PBXGroup section */
		8CAB756824599CC300205C90 = {
			isa = PBXGroup;
			children = (
				8CAB757324599CC300205C90 /* Test */,
				8CAB758D24599CC800205C90 /* TestTests */,
				8CAB757224599CC300205C90 /* Products */,
			);
			sourceTree = "<group>";
		};
		8CAB757224599CC300205C90 /* Products */ = {
			isa = PBXGroup;
			children = (
				8CAB757124599CC300205C90 /* Test.app */,
				8CAB758A24599CC800205C90 /* TestTests.xctest */,
			);
			name = Products;
			sourceTree = "<group>";
		};
		8CAB757324599CC300205C90 /* Test */ = {
			isa = PBXGroup;
			children = (
				8CAB759D24599DB600205C90 /* Models */,
				8CAB759C24599DA300205C90 /* Services */,
				8CAB759924599CEE00205C90 /* Scenes */,
				8CAB757424599CC300205C90 /* AppDelegate.swift */,
				8CAB757624599CC300205C90 /* SceneDelegate.swift */,
				8CAB757824599CC300205C90 /* ViewController.swift */,
				8CAB757A24599CC300205C90 /* Main.storyboard */,
				8CAB758024599CC700205C90 /* Assets.xcassets */,
				8CAB758224599CC700205C90 /* LaunchScreen.storyboard */,
				8CAB758524599CC700205C90 /* Info.plist */,
				8CAB757D24599CC300205C90 /* Test.xcdatamodeld */,
			);
			path = Test;
			sourceTree = "<group>";
		};
		8CAB758D24599CC800205C90 /* TestTests */ = {
			isa = PBXGroup;
			children = (
				8CAB758E24599CC800205C90 /* TestTests.swift */,
				8CAB759024599CC800205C90 /* Info.plist */,
			);
			path = TestTests;
			sourceTree = "<group>";
		};
		8CAB759924599CEE00205C90 /* Scenes */ = {
			isa = PBXGroup;
			children = (
				8CAB759B24599D0800205C90 /* UserData */,
				8CAB759A24599D0100205C90 /* Login */,
			);
			path = Scenes;
			sourceTree = "<group>";
		};
		8CAB759A24599D0100205C90 /* Login */ = {
			isa = PBXGroup;
			children = (
				8CAB759E24599E6800205C90 /* LoginPresenter.swift */,
				8CAB759F24599E6800205C90 /* LoginWorker.swift */,
				8CAB75A024599E6800205C90 /* LoginRouter.swift */,
				8CAB75A124599E6800205C90 /* LoginModels.swift */,
				8CAB75A224599E6800205C90 /* LoginViewController.swift */,
				8CAB75A324599E6800205C90 /* LoginInteractor.swift */,
			);
			path = Login;
			sourceTree = "<group>";
		};
		8CAB759B24599D0800205C90 /* UserData */ = {
			isa = PBXGroup;
			children = (
			);
			path = UserData;
			sourceTree = "<group>";
		};
		8CAB759C24599DA300205C90 /* Services */ = {
			isa = PBXGroup;
			children = (
			);
			path = Services;
			sourceTree = "<group>";
		};
		8CAB759D24599DB600205C90 /* Models */ = {
			isa = PBXGroup;
			children = (
			);
			path = Models;
			sourceTree = "<group>";
		};
/* End PBXGroup section */

/* Begin PBXNativeTarget section */
		8CAB757024599CC300205C90 /* Test */ = {
			isa = PBXNativeTarget;
			buildConfigurationList = 8CAB759324599CC800205C90 /* Build configuration list for PBXNativeTarget "Test" */;
			buildPhases = (
				8CAB756D24599CC300205C90 /* Sources */,
				8CAB756E24599CC300205C90 /* Frameworks */,
				8CAB756F24599CC300205C90 /* Resources */,
			);
			buildRules = (
			);
			dependencies = (
			);
			name = Test;
			productName = Test;
			productReference = 8CAB757124599CC300205C90 /* Test.app */;
			productType = "com.apple.product-type.application";
		};
		8CAB758924599CC800205C90 /* TestTests */ = {
			isa = PBXNativeTarget;
			buildConfigurationList = 8CAB759624599CC800205C90 /* Build configuration list for PBXNativeTarget "TestTests" */;
			buildPhases = (
				8CAB758624599CC800205C90 /* Sources */,
				8CAB758724599CC800205C90 /* Frameworks */,
				8CAB758824599CC800205C90 /* Resources */,
			);
			buildRules = (
			);
			dependencies = (
				8CAB758C24599CC800205C90 /* PBXTargetDependency */,
			);
			name = TestTests;
			productName = TestTests;
			productReference = 8CAB758A24599CC800205C90 /* TestTests.xctest */;
			productType = "com.apple.product-type.bundle.unit-test";
		};
/* End PBXNativeTarget section */

/* Begin PBXProject section */
		8CAB756924599CC300205C90 /* Project object */ = {
			isa = PBXProject;
			attributes = {
				LastSwiftUpdateCheck = 1110;
				LastUpgradeCheck = 1110;
				ORGANIZATIONNAME = "Gustavo Chaves";
				TargetAttributes = {
					8CAB757024599CC300205C90 = {
						CreatedOnToolsVersion = 11.1;
					};
					8CAB758924599CC800205C90 = {
						CreatedOnToolsVersion = 11.1;
						TestTargetID = 8CAB757024599CC300205C90;
					};
				};
			};
			buildConfigurationList = 8CAB756C24599CC300205C90 /* Build configuration list for PBXProject "Test" */;
			compatibilityVersion = "Xcode 9.3";
			developmentRegion = en;
			hasScannedForEncodings = 0;
			knownRegions = (
				en,
				Base,
			);
			mainGroup = 8CAB756824599CC300205C90;
			productRefGroup = 8CAB757224599CC300205C90 /* Products */;
			projectDirPath = "";
			projectRoot = "";
			targets = (
				8CAB757024599CC300205C90 /* Test */,
				8CAB758924599CC800205C90 /* TestTests */,
			);
		};
/* End PBXProject section */

/* Begin PBXResourcesBuildPhase section */
		8CAB756F24599CC300205C90 /* Resources */ = {
			isa = PBXResourcesBuildPhase;
			buildActionMask = 2147483647;
			files = (
				8CAB758424599CC700205C90 /* LaunchScreen.storyboard in Resources */,
				8CAB758124599CC700205C90 /* Assets.xcassets in Resources */,
				8CAB757C24599CC300205C90 /* Main.storyboard in Resources */,
			);
			runOnlyForDeploymentPostprocessing = 0;
		};
		8CAB758824599CC800205C90 /* Resources */ = {
			isa = PBXResourcesBuildPhase;
			buildActionMask = 2147483647;
			files = (
			);
			runOnlyForDeploymentPostprocessing = 0;
		};
/* End PBXResourcesBuildPhase section */

/* Begin PBXSourcesBuildPhase section */
		8CAB756D24599CC300205C90 /* Sources */ = {
			isa = PBXSourcesBuildPhase;
			buildActionMask = 2147483647;
			files = (
				8CAB75A824599E6800205C90 /* LoginViewController.swift in Sources */,
				8CAB757924599CC300205C90 /* ViewController.swift in Sources */,
				8CAB75A724599E6800205C90 /* LoginModels.swift in Sources */,
				8CAB757F24599CC300205C90 /* Test.xcdatamodeld in Sources */,
				8CAB757524599CC300205C90 /* AppDelegate.swift in Sources */,
				8CAB757724599CC300205C90 /* SceneDelegate.swift in Sources */,
				8CAB75A424599E6800205C90 /* LoginPresenter.swift in Sources */,
				8CAB75A624599E6800205C90 /* LoginRouter.swift in Sources */,
				8CAB75A924599E6800205C90 /* LoginInteractor.swift in Sources */,
				8CAB75A524599E6800205C90 /* LoginWorker.swift in Sources */,
			);
			runOnlyForDeploymentPostprocessing = 0;
		};
		8CAB758624599CC800205C90 /* Sources */ = {
			isa = PBXSourcesBuildPhase;
			buildActionMask = 2147483647;
			files = (
				8CAB758F24599CC800205C90 /* TestTests.swift in Sources */,
			);
			runOnlyForDeploymentPostprocessing = 0;
		};
/* End PBXSourcesBuildPhase section */

/* Begin PBXTargetDependency section */
		8CAB758C24599CC800205C90 /* PBXTargetDependency */ = {
			isa = PBXTargetDependency;
			target = 8CAB757024599CC300205C90 /* Test */;
			targetProxy = 8CAB758B24599CC800205C90 /* PBXContainerItemProxy */;
		};
/* End PBXTargetDependency section */

/* Begin PBXVariantGroup section */
		8CAB757A24599CC300205C90 /* Main.storyboard */ = {
			isa = PBXVariantGroup;
			children = (
				8CAB757B24599CC300205C90 /* Base */,
			);
			name = Main.storyboard;
			sourceTree = "<group>";
		};
		8CAB758224599CC700205C90 /* LaunchScreen.storyboard */ = {
			isa = PBXVariantGroup;
			children = (
				8CAB758324599CC700205C90 /* Base */,
			);
			name = LaunchScreen.storyboard;
			sourceTree = "<group>";
		};
/* End PBXVariantGroup section */

/* Begin XCBuildConfiguration section */
		8CAB759124599CC800205C90 /* Debug */ = {
			isa = XCBuildConfiguration;
			buildSettings = {
				ALWAYS_SEARCH_USER_PATHS = NO;
				CLANG_ANALYZER_NONNULL = YES;
				CLANG_ANALYZER_NUMBER_OBJECT_CONVERSION = YES_AGGRESSIVE;
				CLANG_CXX_LANGUAGE_STANDARD = "gnu++14";
				CLANG_CXX_LIBRARY = "libc++";
				CLANG_ENABLE_MODULES = YES;
				CLANG_ENABLE_OBJC_ARC = YES;
				CLANG_ENABLE_OBJC_WEAK = YES;
				CLANG_WARN_BLOCK_CAPTURE_AUTORELEASING = YES;
				CLANG_WARN_BOOL_CONVERSION = YES;
				CLANG_WARN_COMMA = YES;
				CLANG_WARN_CONSTANT_CONVERSION = YES;
				CLANG_WARN_DEPRECATED_OBJC_IMPLEMENTATIONS = YES;
				CLANG_WARN_DIRECT_OBJC_ISA_USAGE = YES_ERROR;
				CLANG_WARN_DOCUMENTATION_COMMENTS = YES;
				CLANG_WARN_EMPTY_BODY = YES;
				CLANG_WARN_ENUM_CONVERSION = YES;
				CLANG_WARN_INFINITE_RECURSION = YES;
				CLANG_WARN_INT_CONVERSION = YES;
				CLANG_WARN_NON_LITERAL_NULL_CONVERSION = YES;
				CLANG_WARN_OBJC_IMPLICIT_RETAIN_SELF = YES;
				CLANG_WARN_OBJC_LITERAL_CONVERSION = YES;
				CLANG_WARN_OBJC_ROOT_CLASS = YES_ERROR;
				CLANG_WARN_RANGE_LOOP_ANALYSIS = YES;
				CLANG_WARN_STRICT_PROTOTYPES = YES;
				CLANG_WARN_SUSPICIOUS_MOVE = YES;
				CLANG_WARN_UNGUARDED_AVAILABILITY = YES_AGGRESSIVE;
				CLANG_WARN_UNREACHABLE_CODE = YES;
				CLANG_WARN__DUPLICATE_METHOD_MATCH = YES;
				COPY_PHASE_STRIP = NO;
				DEBUG_INFORMATION_FORMAT = dwarf;
				ENABLE_STRICT_OBJC_MSGSEND = YES;
				ENABLE_TESTABILITY = YES;
				GCC_C_LANGUAGE_STANDARD = gnu11;
				GCC_DYNAMIC_NO_PIC = NO;
				GCC_NO_COMMON_BLOCKS = YES;
				GCC_OPTIMIZATION_LEVEL = 0;
				GCC_PREPROCESSOR_DEFINITIONS = (
					"DEBUG=1",
					"$(inherited)",
				);
				GCC_WARN_64_TO_32_BIT_CONVERSION = YES;
				GCC_WARN_ABOUT_RETURN_TYPE = YES_ERROR;
				GCC_WARN_UNDECLARED_SELECTOR = YES;
				GCC_WARN_UNINITIALIZED_AUTOS = YES_AGGRESSIVE;
				GCC_WARN_UNUSED_FUNCTION = YES;
				GCC_WARN_UNUSED_VARIABLE = YES;
				IPHONEOS_DEPLOYMENT_TARGET = 13.1;
				MTL_ENABLE_DEBUG_INFO = INCLUDE_SOURCE;
				MTL_FAST_MATH = YES;
				ONLY_ACTIVE_ARCH = YES;
				SDKROOT = iphoneos;
				SWIFT_ACTIVE_COMPILATION_CONDITIONS = DEBUG;
				SWIFT_OPTIMIZATION_LEVEL = "-Onone";
			};
			name = Debug;
		};
		8CAB759224599CC800205C90 /* Release */ = {
			isa = XCBuildConfiguration;
			buildSettings = {
				ALWAYS_SEARCH_USER_PATHS = NO;
				CLANG_ANALYZER_NONNULL = YES;
				CLANG_ANALYZER_NUMBER_OBJECT_CONVERSION = YES_AGGRESSIVE;
				CLANG_CXX_LANGUAGE_STANDARD = "gnu++14";
				CLANG_CXX_LIBRARY = "libc++";
				CLANG_ENABLE_MODULES = YES;
				CLANG_ENABLE_OBJC_ARC = YES;
				CLANG_ENABLE_OBJC_WEAK = YES;
				CLANG_WARN_BLOCK_CAPTURE_AUTORELEASING = YES;
				CLANG_WARN_BOOL_CONVERSION = YES;
				CLANG_WARN_COMMA = YES;
				CLANG_WARN_CONSTANT_CONVERSION = YES;
				CLANG_WARN_DEPRECATED_OBJC_IMPLEMENTATIONS = YES;
				CLANG_WARN_DIRECT_OBJC_ISA_USAGE = YES_ERROR;
				CLANG_WARN_DOCUMENTATION_COMMENTS = YES;
				CLANG_WARN_EMPTY_BODY = YES;
				CLANG_WARN_ENUM_CONVERSION = YES;
				CLANG_WARN_INFINITE_RECURSION = YES;
				CLANG_WARN_INT_CONVERSION = YES;
				CLANG_WARN_NON_LITERAL_NULL_CONVERSION = YES;
				CLANG_WARN_OBJC_IMPLICIT_RETAIN_SELF = YES;
				CLANG_WARN_OBJC_LITERAL_CONVERSION = YES;
				CLANG_WARN_OBJC_ROOT_CLASS = YES_ERROR;
				CLANG_WARN_RANGE_LOOP_ANALYSIS = YES;
				CLANG_WARN_STRICT_PROTOTYPES = YES;
				CLANG_WARN_SUSPICIOUS_MOVE = YES;
				CLANG_WARN_UNGUARDED_AVAILABILITY = YES_AGGRESSIVE;
				CLANG_WARN_UNREACHABLE_CODE = YES;
				CLANG_WARN__DUPLICATE_METHOD_MATCH = YES;
				COPY_PHASE_STRIP = NO;
				DEBUG_INFORMATION_FORMAT = "dwarf-with-dsym";
				ENABLE_NS_ASSERTIONS = NO;
				ENABLE_STRICT_OBJC_MSGSEND = YES;
				GCC_C_LANGUAGE_STANDARD = gnu11;
				GCC_NO_COMMON_BLOCKS = YES;
				GCC_WARN_64_TO_32_BIT_CONVERSION = YES;
				GCC_WARN_ABOUT_RETURN_TYPE = YES_ERROR;
				GCC_WARN_UNDECLARED_SELECTOR = YES;
				GCC_WARN_UNINITIALIZED_AUTOS = YES_AGGRESSIVE;
				GCC_WARN_UNUSED_FUNCTION = YES;
				GCC_WARN_UNUSED_VARIABLE = YES;
				IPHONEOS_DEPLOYMENT_TARGET = 13.1;
				MTL_ENABLE_DEBUG_INFO = NO;
				MTL_FAST_MATH = YES;
				SDKROOT = iphoneos;
				SWIFT_COMPILATION_MODE = wholemodule;
				SWIFT_OPTIMIZATION_LEVEL = "-O";
				VALIDATE_PRODUCT = YES;
			};
			name = Release;
		};
		8CAB759424599CC800205C90 /* Debug */ = {
			isa = XCBuildConfiguration;
			buildSettings = {
				ASSETCATALOG_COMPILER_APPICON_NAME = AppIcon;
				CODE_SIGN_STYLE = Automatic;
				DEVELOPMENT_TEAM = 89JG34L8Z2;
				INFOPLIST_FILE = Test/Info.plist;
				IPHONEOS_DEPLOYMENT_TARGET = 9.0;
				LD_RUNPATH_SEARCH_PATHS = (
					"$(inherited)",
					"@executable_path/Frameworks",
				);
				PRODUCT_BUNDLE_IDENTIFIER = com.gchaves.Test;
				PRODUCT_NAME = "$(TARGET_NAME)";
				SWIFT_VERSION = 5.0;
				TARGETED_DEVICE_FAMILY = 1;
			};
			name = Debug;
		};
		8CAB759524599CC800205C90 /* Release */ = {
			isa = XCBuildConfiguration;
			buildSettings = {
				ASSETCATALOG_COMPILER_APPICON_NAME = AppIcon;
				CODE_SIGN_STYLE = Automatic;
				DEVELOPMENT_TEAM = 89JG34L8Z2;
				INFOPLIST_FILE = Test/Info.plist;
				IPHONEOS_DEPLOYMENT_TARGET = 9.0;
				LD_RUNPATH_SEARCH_PATHS = (
					"$(inherited)",
					"@executable_path/Frameworks",
				);
				PRODUCT_BUNDLE_IDENTIFIER = com.gchaves.Test;
				PRODUCT_NAME = "$(TARGET_NAME)";
				SWIFT_VERSION = 5.0;
				TARGETED_DEVICE_FAMILY = 1;
			};
			name = Release;
		};
		8CAB759724599CC800205C90 /* Debug */ = {
			isa = XCBuildConfiguration;
			buildSettings = {
				ALWAYS_EMBED_SWIFT_STANDARD_LIBRARIES = YES;
				BUNDLE_LOADER = "$(TEST_HOST)";
				CODE_SIGN_STYLE = Automatic;
				DEVELOPMENT_TEAM = 89JG34L8Z2;
				INFOPLIST_FILE = TestTests/Info.plist;
				IPHONEOS_DEPLOYMENT_TARGET = 13.1;
				LD_RUNPATH_SEARCH_PATHS = (
					"$(inherited)",
					"@executable_path/Frameworks",
					"@loader_path/Frameworks",
				);
				PRODUCT_BUNDLE_IDENTIFIER = com.gchaves.TestTests;
				PRODUCT_NAME = "$(TARGET_NAME)";
				SWIFT_VERSION = 5.0;
				TARGETED_DEVICE_FAMILY = "1,2";
				TEST_HOST = "$(BUILT_PRODUCTS_DIR)/Test.app/Test";
			};
			name = Debug;
		};
		8CAB759824599CC800205C90 /* Release */ = {
			isa = XCBuildConfiguration;
			buildSettings = {
				ALWAYS_EMBED_SWIFT_STANDARD_LIBRARIES = YES;
				BUNDLE_LOADER = "$(TEST_HOST)";
				CODE_SIGN_STYLE = Automatic;
				DEVELOPMENT_TEAM = 89JG34L8Z2;
				INFOPLIST_FILE = TestTests/Info.plist;
				IPHONEOS_DEPLOYMENT_TARGET = 13.1;
				LD_RUNPATH_SEARCH_PATHS = (
					"$(inherited)",
					"@executable_path/Frameworks",
					"@loader_path/Frameworks",
				);
				PRODUCT_BUNDLE_IDENTIFIER = com.gchaves.TestTests;
				PRODUCT_NAME = "$(TARGET_NAME)";
				SWIFT_VERSION = 5.0;
				TARGETED_DEVICE_FAMILY = "1,2";
				TEST_HOST = "$(BUILT_PRODUCTS_DIR)/Test.app/Test";
			};
			name = Release;
		};
/* End XCBuildConfiguration section */

/* Begin XCConfigurationList section */
		8CAB756C24599CC300205C90 /* Build configuration list for PBXProject "Test" */ = {
			isa = XCConfigurationList;
			buildConfigurations = (
				8CAB759124599CC800205C90 /* Debug */,
				8CAB759224599CC800205C90 /* Release */,
			);
			defaultConfigurationIsVisible = 0;
			defaultConfigurationName = Release;
		};
		8CAB759324599CC800205C90 /* Build configuration list for PBXNativeTarget "Test" */ = {
			isa = XCConfigurationList;
			buildConfigurations = (
				8CAB759424599CC800205C90 /* Debug */,
				8CAB759524599CC800205C90 /* Release */,
			);
			defaultConfigurationIsVisible = 0;
			defaultConfigurationName = Release;
		};
		8CAB759624599CC800205C90 /* Build configuration list for PBXNativeTarget "TestTests" */ = {
			isa = XCConfigurationList;
			buildConfigurations = (
				8CAB759724599CC800205C90 /* Debug */,
				8CAB759824599CC800205C90 /* Release */,
			);
			defaultConfigurationIsVisible = 0;
			defaultConfigurationName = Release;
		};
/* End XCConfigurationList section */

/* Begin XCVersionGroup section */
		8CAB757D24599CC300205C90 /* Test.xcdatamodeld */ = {
			isa = XCVersionGroup;
			children = (
				8CAB757E24599CC300205C90 /* Test.xcdatamodel */,
			);
			currentVersion = 8CAB757E24599CC300205C90 /* Test.xcdatamodel */;
			path = Test.xcdatamodeld;
			sourceTree = "<group>";
			versionGroupType = wrapper.xcdatamodel;
		};
/* End XCVersionGroup section */
	};
	rootObject = 8CAB756924599CC300205C90 /* Project object */;
}
